
Microsoft Visual Studio Solution File, Format Version 12.00
# Visual Studio 15
VisualStudioVersion = 15.0.28307.168
MinimumVisualStudioVersion = 10.0.40219.1
Project("{FAE04EC0-301F-11D3-BF4B-00C04F79EFBC}") = "Citae-Application", "Citae-Application\Citae-Application.csproj", "{0C64F559-40B3-43B9-AD73-6B7F5C4391BF}"
EndProject
Global
	GlobalSection(SolutionConfigurationPlatforms) = preSolution
		Debug|Any CPU = Debug|Any CPU
		Release|Any CPU = Release|Any CPU
	EndGlobalSection
	GlobalSection(ProjectConfigurationPlatforms) = postSolution
		{0C64F559-40B3-43B9-AD73-6B7F5C4391BF}.Debug|Any CPU.ActiveCfg = Debug|Any CPU
		{0C64F559-40B3-43B9-AD73-6B7F5C4391BF}.Debug|Any CPU.Build.0 = Debug|Any CPU
		{0C64F559-40B3-43B9-AD73-6B7F5C4391BF}.Release|Any CPU.ActiveCfg = Release|Any CPU
		{0C64F559-40B3-43B9-AD73-6B7F5C4391BF}.Release|Any CPU.Build.0 = Release|Any CPU
	EndGlobalSection
	GlobalSection(SolutionProperties) = preSolution
		HideSolutionNode = FALSE
	EndGlobalSection
	GlobalSection(ExtensibilityGlobals) = postSolution
		SolutionGuid = {E13AD4D7-76C7-4158-B34B-CDED8913D722}
	EndGlobalSection
EndGlobal
