
Microsoft Visual Studio Solution File, Format Version 12.00
# Visual Studio Version 16
VisualStudioVersion = 16.0.29025.244
MinimumVisualStudioVersion = 10.0.40219.1
Project("{FAE04EC0-301F-11D3-BF4B-00C04F79EFBC}") = "CITAE", "CITAE\CITAE.csproj", "{611279A6-4161-46A9-B45B-85649DEFB988}"
EndProject
Global
	GlobalSection(SolutionConfigurationPlatforms) = preSolution
		Debug|Any CPU = Debug|Any CPU
		Release|Any CPU = Release|Any CPU
	EndGlobalSection
	GlobalSection(ProjectConfigurationPlatforms) = postSolution
		{611279A6-4161-46A9-B45B-85649DEFB988}.Debug|Any CPU.ActiveCfg = Debug|Any CPU
		{611279A6-4161-46A9-B45B-85649DEFB988}.Debug|Any CPU.Build.0 = Debug|Any CPU
		{611279A6-4161-46A9-B45B-85649DEFB988}.Release|Any CPU.ActiveCfg = Release|Any CPU
		{611279A6-4161-46A9-B45B-85649DEFB988}.Release|Any CPU.Build.0 = Release|Any CPU
	EndGlobalSection
	GlobalSection(SolutionProperties) = preSolution
		HideSolutionNode = FALSE
	EndGlobalSection
	GlobalSection(ExtensibilityGlobals) = postSolution
		SolutionGuid = {A2811DFB-9842-4EFD-B472-D969B0BBC6B2}
	EndGlobalSection
EndGlobal
